
Microsoft Visual Studio Solution File, Format Version 12.00
# Visual Studio Version 17
VisualStudioVersion = 17.3.32929.385
MinimumVisualStudioVersion = 10.0.40219.1
Project("{FAE04EC0-301F-11D3-BF4B-00C04F79EFBC}") = "WebApi-Github", "WebApi-Github\WebApi-Github.csproj", "{075D09BC-32A4-4F18-BCEA-16A8C965D25A}"
EndProject
Global
	GlobalSection(SolutionConfigurationPlatforms) = preSolution
		Debug|Any CPU = Debug|Any CPU
		Release|Any CPU = Release|Any CPU
	EndGlobalSection
	GlobalSection(ProjectConfigurationPlatforms) = postSolution
		{075D09BC-32A4-4F18-BCEA-16A8C965D25A}.Debug|Any CPU.ActiveCfg = Debug|Any CPU
		{075D09BC-32A4-4F18-BCEA-16A8C965D25A}.Debug|Any CPU.Build.0 = Debug|Any CPU
		{075D09BC-32A4-4F18-BCEA-16A8C965D25A}.Release|Any CPU.ActiveCfg = Release|Any CPU
		{075D09BC-32A4-4F18-BCEA-16A8C965D25A}.Release|Any CPU.Build.0 = Release|Any CPU
	EndGlobalSection
	GlobalSection(SolutionProperties) = preSolution
		HideSolutionNode = FALSE
	EndGlobalSection
	GlobalSection(ExtensibilityGlobals) = postSolution
		SolutionGuid = {5EBE7E54-5A26-41D2-A7A7-9B13B600FA71}
	EndGlobalSection
EndGlobal
